// !$*UTF8*$!
{
	archiveVersion = 1;
	classes = {
	};
	objectVersion = 50;
	objects = {

/* Begin PBXBuildFile section */
		DB6290A2219371F000984CFE /* ArtCollectionViewController.swift in Sources */ = {isa = PBXBuildFile; fileRef = DB6290A1219371F000984CFE /* ArtCollectionViewController.swift */; };
		DB6290A42193825800984CFE /* ArtCell.swift in Sources */ = {isa = PBXBuildFile; fileRef = DB6290A32193825800984CFE /* ArtCell.swift */; };
		DBAF3F432190DF4500140036 /* AppDelegate.swift in Sources */ = {isa = PBXBuildFile; fileRef = DBAF3F422190DF4500140036 /* AppDelegate.swift */; };
		DBAF3F452190DF4500140036 /* ArtViewController.swift in Sources */ = {isa = PBXBuildFile; fileRef = DBAF3F442190DF4500140036 /* ArtViewController.swift */; };
		DBAF3F482190DF4500140036 /* Main.storyboard in Resources */ = {isa = PBXBuildFile; fileRef = DBAF3F462190DF4500140036 /* Main.storyboard */; };
		DBAF3F4A2190DF4700140036 /* Assets.xcassets in Resources */ = {isa = PBXBuildFile; fileRef = DBAF3F492190DF4700140036 /* Assets.xcassets */; };
		DBAF3F4D2190DF4700140036 /* LaunchScreen.storyboard in Resources */ = {isa = PBXBuildFile; fileRef = DBAF3F4B2190DF4700140036 /* LaunchScreen.storyboard */; };
		DBAF3F592190DFC500140036 /* DrawingView.swift in Sources */ = {isa = PBXBuildFile; fileRef = DBAF3F582190DFC500140036 /* DrawingView.swift */; };
/* End PBXBuildFile section */

/* Begin PBXFileReference section */
		DB6290A1219371F000984CFE /* ArtCollectionViewController.swift */ = {isa = PBXFileReference; lastKnownFileType = sourcecode.swift; path = ArtCollectionViewController.swift; sourceTree = "<group>"; };
		DB6290A32193825800984CFE /* ArtCell.swift */ = {isa = PBXFileReference; lastKnownFileType = sourcecode.swift; path = ArtCell.swift; sourceTree = "<group>"; };
		DBAF3F3F2190DF4500140036 /* VCreativityProject.app */ = {isa = PBXFileReference; explicitFileType = wrapper.application; includeInIndex = 0; path = VCreativityProject.app; sourceTree = BUILT_PRODUCTS_DIR; };
		DBAF3F422190DF4500140036 /* AppDelegate.swift */ = {isa = PBXFileReference; lastKnownFileType = sourcecode.swift; path = AppDelegate.swift; sourceTree = "<group>"; };
		DBAF3F442190DF4500140036 /* ArtViewController.swift */ = {isa = PBXFileReference; lastKnownFileType = sourcecode.swift; path = ArtViewController.swift; sourceTree = "<group>"; };
		DBAF3F472190DF4500140036 /* Base */ = {isa = PBXFileReference; lastKnownFileType = file.storyboard; name = Base; path = Base.lproj/Main.storyboard; sourceTree = "<group>"; };
		DBAF3F492190DF4700140036 /* Assets.xcassets */ = {isa = PBXFileReference; lastKnownFileType = folder.assetcatalog; path = Assets.xcassets; sourceTree = "<group>"; };
		DBAF3F4C2190DF4700140036 /* Base */ = {isa = PBXFileReference; lastKnownFileType = file.storyboard; name = Base; path = Base.lproj/LaunchScreen.storyboard; sourceTree = "<group>"; };
		DBAF3F4E2190DF4700140036 /* Info.plist */ = {isa = PBXFileReference; lastKnownFileType = text.plist.xml; path = Info.plist; sourceTree = "<group>"; };
		DBAF3F582190DFC500140036 /* DrawingView.swift */ = {isa = PBXFileReference; lastKnownFileType = sourcecode.swift; path = DrawingView.swift; sourceTree = "<group>"; };
/* End PBXFileReference section */

/* Begin PBXFrameworksBuildPhase section */
		DBAF3F3C2190DF4500140036 /* Frameworks */ = {
			isa = PBXFrameworksBuildPhase;
			buildActionMask = 2147483647;
			files = (
			);
			runOnlyForDeploymentPostprocessing = 0;
		};
/* End PBXFrameworksBuildPhase section */

/* Begin PBXGroup section */
		DBAF3F362190DF4500140036 = {
			isa = PBXGroup;
			children = (
				DBAF3F412190DF4500140036 /* VCreativityProject */,
				DBAF3F402190DF4500140036 /* Products */,
			);
			sourceTree = "<group>";
		};
		DBAF3F402190DF4500140036 /* Products */ = {
			isa = PBXGroup;
			children = (
				DBAF3F3F2190DF4500140036 /* VCreativityProject.app */,
			);
			name = Products;
			sourceTree = "<group>";
		};
		DBAF3F412190DF4500140036 /* VCreativityProject */ = {
			isa = PBXGroup;
			children = (
				DBAF3F562190DF6D00140036 /* Controller */,
				DBAF3F552190DF6300140036 /* View */,
				DBAF3F572190DF7B00140036 /* Resources */,
			);
			path = VCreativityProject;
			sourceTree = "<group>";
		};
		DBAF3F552190DF6300140036 /* View */ = {
			isa = PBXGroup;
			children = (
				DBAF3F462190DF4500140036 /* Main.storyboard */,
				DBAF3F4B2190DF4700140036 /* LaunchScreen.storyboard */,
				DBAF3F582190DFC500140036 /* DrawingView.swift */,
				DB6290A32193825800984CFE /* ArtCell.swift */,
			);
			path = View;
			sourceTree = "<group>";
		};
		DBAF3F562190DF6D00140036 /* Controller */ = {
			isa = PBXGroup;
			children = (
				DBAF3F442190DF4500140036 /* ArtViewController.swift */,
				DB6290A1219371F000984CFE /* ArtCollectionViewController.swift */,
			);
			path = Controller;
			sourceTree = "<group>";
		};
		DBAF3F572190DF7B00140036 /* Resources */ = {
			isa = PBXGroup;
			children = (
				DBAF3F422190DF4500140036 /* AppDelegate.swift */,
				DBAF3F492190DF4700140036 /* Assets.xcassets */,
				DBAF3F4E2190DF4700140036 /* Info.plist */,
			);
			path = Resources;
			sourceTree = "<group>";
		};
/* End PBXGroup section */

/* Begin PBXNativeTarget section */
		DBAF3F3E2190DF4500140036 /* VCreativityProject */ = {
			isa = PBXNativeTarget;
			buildConfigurationList = DBAF3F512190DF4700140036 /* Build configuration list for PBXNativeTarget "VCreativityProject" */;
			buildPhases = (
				DBAF3F3B2190DF4500140036 /* Sources */,
				DBAF3F3C2190DF4500140036 /* Frameworks */,
				DBAF3F3D2190DF4500140036 /* Resources */,
			);
			buildRules = (
			);
			dependencies = (
			);
			name = VCreativityProject;
			productName = VCreativityProject;
			productReference = DBAF3F3F2190DF4500140036 /* VCreativityProject.app */;
			productType = "com.apple.product-type.application";
		};
/* End PBXNativeTarget section */

/* Begin PBXProject section */
		DBAF3F372190DF4500140036 /* Project object */ = {
			isa = PBXProject;
			attributes = {
				LastSwiftUpdateCheck = 0940;
				LastUpgradeCheck = 0940;
				ORGANIZATIONNAME = CTEC;
				TargetAttributes = {
					DBAF3F3E2190DF4500140036 = {
						CreatedOnToolsVersion = 9.4.1;
					};
				};
			};
			buildConfigurationList = DBAF3F3A2190DF4500140036 /* Build configuration list for PBXProject "VCreativityProject" */;
			compatibilityVersion = "Xcode 9.3";
			developmentRegion = en;
			hasScannedForEncodings = 0;
			knownRegions = (
				en,
				Base,
			);
			mainGroup = DBAF3F362190DF4500140036;
			productRefGroup = DBAF3F402190DF4500140036 /* Products */;
			projectDirPath = "";
			projectRoot = "";
			targets = (
				DBAF3F3E2190DF4500140036 /* VCreativityProject */,
			);
		};
/* End PBXProject section */

/* Begin PBXResourcesBuildPhase section */
		DBAF3F3D2190DF4500140036 /* Resources */ = {
			isa = PBXResourcesBuildPhase;
			buildActionMask = 2147483647;
			files = (
				DBAF3F4D2190DF4700140036 /* LaunchScreen.storyboard in Resources */,
				DBAF3F4A2190DF4700140036 /* Assets.xcassets in Resources */,
				DBAF3F482190DF4500140036 /* Main.storyboard in Resources */,
			);
			runOnlyForDeploymentPostprocessing = 0;
		};
/* End PBXResourcesBuildPhase section */

/* Begin PBXSourcesBuildPhase section */
		DBAF3F3B2190DF4500140036 /* Sources */ = {
			isa = PBXSourcesBuildPhase;
			buildActionMask = 2147483647;
			files = (
				DBAF3F592190DFC500140036 /* DrawingView.swift in Sources */,
				DBAF3F452190DF4500140036 /* ArtViewController.swift in Sources */,
				DB6290A42193825800984CFE /* ArtCell.swift in Sources */,
				DB6290A2219371F000984CFE /* ArtCollectionViewController.swift in Sources */,
				DBAF3F432190DF4500140036 /* AppDelegate.swift in Sources */,
			);
			runOnlyForDeploymentPostprocessing = 0;
		};
/* End PBXSourcesBuildPhase section */

/* Begin PBXVariantGroup section */
		DBAF3F462190DF4500140036 /* Main.storyboard */ = {
			isa = PBXVariantGroup;
			children = (
				DBAF3F472190DF4500140036 /* Base */,
			);
			name = Main.storyboard;
			sourceTree = "<group>";
		};
		DBAF3F4B2190DF4700140036 /* LaunchScreen.storyboard */ = {
			isa = PBXVariantGroup;
			children = (
				DBAF3F4C2190DF4700140036 /* Base */,
			);
			name = LaunchScreen.storyboard;
			sourceTree = "<group>";
		};
/* End PBXVariantGroup section */

/* Begin XCBuildConfiguration section */
		DBAF3F4F2190DF4700140036 /* Debug */ = {
			isa = XCBuildConfiguration;
			buildSettings = {
				ALWAYS_SEARCH_USER_PATHS = NO;
				CLANG_ANALYZER_NONNULL = YES;
				CLANG_ANALYZER_NUMBER_OBJECT_CONVERSION = YES_AGGRESSIVE;
				CLANG_CXX_LANGUAGE_STANDARD = "gnu++14";
				CLANG_CXX_LIBRARY = "libc++";
				CLANG_ENABLE_MODULES = YES;
				CLANG_ENABLE_OBJC_ARC = YES;
				CLANG_ENABLE_OBJC_WEAK = YES;
				CLANG_WARN_BLOCK_CAPTURE_AUTORELEASING = YES;
				CLANG_WARN_BOOL_CONVERSION = YES;
				CLANG_WARN_COMMA = YES;
				CLANG_WARN_CONSTANT_CONVERSION = YES;
				CLANG_WARN_DEPRECATED_OBJC_IMPLEMENTATIONS = YES;
				CLANG_WARN_DIRECT_OBJC_ISA_USAGE = YES_ERROR;
				CLANG_WARN_DOCUMENTATION_COMMENTS = YES;
				CLANG_WARN_EMPTY_BODY = YES;
				CLANG_WARN_ENUM_CONVERSION = YES;
				CLANG_WARN_INFINITE_RECURSION = YES;
				CLANG_WARN_INT_CONVERSION = YES;
				CLANG_WARN_NON_LITERAL_NULL_CONVERSION = YES;
				CLANG_WARN_OBJC_IMPLICIT_RETAIN_SELF = YES;
				CLANG_WARN_OBJC_LITERAL_CONVERSION = YES;
				CLANG_WARN_OBJC_ROOT_CLASS = YES_ERROR;
				CLANG_WARN_RANGE_LOOP_ANALYSIS = YES;
				CLANG_WARN_STRICT_PROTOTYPES = YES;
				CLANG_WARN_SUSPICIOUS_MOVE = YES;
				CLANG_WARN_UNGUARDED_AVAILABILITY = YES_AGGRESSIVE;
				CLANG_WARN_UNREACHABLE_CODE = YES;
				CLANG_WARN__DUPLICATE_METHOD_MATCH = YES;
				CODE_SIGN_IDENTITY = "iPhone Developer";
				COPY_PHASE_STRIP = NO;
				DEBUG_INFORMATION_FORMAT = dwarf;
				ENABLE_STRICT_OBJC_MSGSEND = YES;
				ENABLE_TESTABILITY = YES;
				GCC_C_LANGUAGE_STANDARD = gnu11;
				GCC_DYNAMIC_NO_PIC = NO;
				GCC_NO_COMMON_BLOCKS = YES;
				GCC_OPTIMIZATION_LEVEL = 0;
				GCC_PREPROCESSOR_DEFINITIONS = (
					"DEBUG=1",
					"$(inherited)",
				);
				GCC_WARN_64_TO_32_BIT_CONVERSION = YES;
				GCC_WARN_ABOUT_RETURN_TYPE = YES_ERROR;
				GCC_WARN_UNDECLARED_SELECTOR = YES;
				GCC_WARN_UNINITIALIZED_AUTOS = YES_AGGRESSIVE;
				GCC_WARN_UNUSED_FUNCTION = YES;
				GCC_WARN_UNUSED_VARIABLE = YES;
				IPHONEOS_DEPLOYMENT_TARGET = 11.4;
				MTL_ENABLE_DEBUG_INFO = YES;
				ONLY_ACTIVE_ARCH = YES;
				SDKROOT = iphoneos;
				SWIFT_ACTIVE_COMPILATION_CONDITIONS = DEBUG;
				SWIFT_OPTIMIZATION_LEVEL = "-Onone";
			};
			name = Debug;
		};
		DBAF3F502190DF4700140036 /* Release */ = {
			isa = XCBuildConfiguration;
			buildSettings = {
				ALWAYS_SEARCH_USER_PATHS = NO;
				CLANG_ANALYZER_NONNULL = YES;
				CLANG_ANALYZER_NUMBER_OBJECT_CONVERSION = YES_AGGRESSIVE;
				CLANG_CXX_LANGUAGE_STANDARD = "gnu++14";
				CLANG_CXX_LIBRARY = "libc++";
				CLANG_ENABLE_MODULES = YES;
				CLANG_ENABLE_OBJC_ARC = YES;
				CLANG_ENABLE_OBJC_WEAK = YES;
				CLANG_WARN_BLOCK_CAPTURE_AUTORELEASING = YES;
				CLANG_WARN_BOOL_CONVERSION = YES;
				CLANG_WARN_COMMA = YES;
				CLANG_WARN_CONSTANT_CONVERSION = YES;
				CLANG_WARN_DEPRECATED_OBJC_IMPLEMENTATIONS = YES;
				CLANG_WARN_DIRECT_OBJC_ISA_USAGE = YES_ERROR;
				CLANG_WARN_DOCUMENTATION_COMMENTS = YES;
				CLANG_WARN_EMPTY_BODY = YES;
				CLANG_WARN_ENUM_CONVERSION = YES;
				CLANG_WARN_INFINITE_RECURSION = YES;
				CLANG_WARN_INT_CONVERSION = YES;
				CLANG_WARN_NON_LITERAL_NULL_CONVERSION = YES;
				CLANG_WARN_OBJC_IMPLICIT_RETAIN_SELF = YES;
				CLANG_WARN_OBJC_LITERAL_CONVERSION = YES;
				CLANG_WARN_OBJC_ROOT_CLASS = YES_ERROR;
				CLANG_WARN_RANGE_LOOP_ANALYSIS = YES;
				CLANG_WARN_STRICT_PROTOTYPES = YES;
				CLANG_WARN_SUSPICIOUS_MOVE = YES;
				CLANG_WARN_UNGUARDED_AVAILABILITY = YES_AGGRESSIVE;
				CLANG_WARN_UNREACHABLE_CODE = YES;
				CLANG_WARN__DUPLICATE_METHOD_MATCH = YES;
				CODE_SIGN_IDENTITY = "iPhone Developer";
				COPY_PHASE_STRIP = NO;
				DEBUG_INFORMATION_FORMAT = "dwarf-with-dsym";
				ENABLE_NS_ASSERTIONS = NO;
				ENABLE_STRICT_OBJC_MSGSEND = YES;
				GCC_C_LANGUAGE_STANDARD = gnu11;
				GCC_NO_COMMON_BLOCKS = YES;
				GCC_WARN_64_TO_32_BIT_CONVERSION = YES;
				GCC_WARN_ABOUT_RETURN_TYPE = YES_ERROR;
				GCC_WARN_UNDECLARED_SELECTOR = YES;
				GCC_WARN_UNINITIALIZED_AUTOS = YES_AGGRESSIVE;
				GCC_WARN_UNUSED_FUNCTION = YES;
				GCC_WARN_UNUSED_VARIABLE = YES;
				IPHONEOS_DEPLOYMENT_TARGET = 11.4;
				MTL_ENABLE_DEBUG_INFO = NO;
				SDKROOT = iphoneos;
				SWIFT_COMPILATION_MODE = wholemodule;
				SWIFT_OPTIMIZATION_LEVEL = "-O";
				VALIDATE_PRODUCT = YES;
			};
			name = Release;
		};
		DBAF3F522190DF4700140036 /* Debug */ = {
			isa = XCBuildConfiguration;
			buildSettings = {
				ASSETCATALOG_COMPILER_APPICON_NAME = AppIcon;
				CODE_SIGN_STYLE = Automatic;
				INFOPLIST_FILE = "$(SRCROOT)/VCreativityProject/Resources/Info.plist";
				LD_RUNPATH_SEARCH_PATHS = (
					"$(inherited)",
					"@executable_path/Frameworks",
				);
				PRODUCT_BUNDLE_IDENTIFIER = CTEC.VCreativityProject;
				PRODUCT_NAME = "$(TARGET_NAME)";
				SWIFT_VERSION = 4.0;
				TARGETED_DEVICE_FAMILY = "1,2";
			};
			name = Debug;
		};
		DBAF3F532190DF4700140036 /* Release */ = {
			isa = XCBuildConfiguration;
			buildSettings = {
				ASSETCATALOG_COMPILER_APPICON_NAME = AppIcon;
				CODE_SIGN_STYLE = Automatic;
				INFOPLIST_FILE = "$(SRCROOT)/VCreativityProject/Resources/Info.plist";
				LD_RUNPATH_SEARCH_PATHS = (
					"$(inherited)",
					"@executable_path/Frameworks",
				);
				PRODUCT_BUNDLE_IDENTIFIER = CTEC.VCreativityProject;
				PRODUCT_NAME = "$(TARGET_NAME)";
				SWIFT_VERSION = 4.0;
				TARGETED_DEVICE_FAMILY = "1,2";
			};
			name = Release;
		};
/* End XCBuildConfiguration section */

/* Begin XCConfigurationList section */
		DBAF3F3A2190DF4500140036 /* Build configuration list for PBXProject "VCreativityProject" */ = {
			isa = XCConfigurationList;
			buildConfigurations = (
				DBAF3F4F2190DF4700140036 /* Debug */,
				DBAF3F502190DF4700140036 /* Release */,
			);
			defaultConfigurationIsVisible = 0;
			defaultConfigurationName = Release;
		};
		DBAF3F512190DF4700140036 /* Build configuration list for PBXNativeTarget "VCreativityProject" */ = {
			isa = XCConfigurationList;
			buildConfigurations = (
				DBAF3F522190DF4700140036 /* Debug */,
				DBAF3F532190DF4700140036 /* Release */,
			);
			defaultConfigurationIsVisible = 0;
			defaultConfigurationName = Release;
		};
/* End XCConfigurationList section */
	};
	rootObject = DBAF3F372190DF4500140036 /* Project object */;
}
